
Microsoft Visual Studio Solution File, Format Version 12.00
# Visual Studio Version 16
VisualStudioVersion = 16.0.809.2
MinimumVisualStudioVersion = 10.0.40219.1
Project("{FAE04EC0-301F-11D3-BF4B-00C04F79EFBC}") = "Collections", "Collections\Collections.csproj", "{E90DFA5E-3D29-41E5-B7AA-ADD33F20FBCC}"
EndProject
Global
	GlobalSection(SolutionConfigurationPlatforms) = preSolution
		Debug|Any CPU = Debug|Any CPU
		Release|Any CPU = Release|Any CPU
	EndGlobalSection
	GlobalSection(ProjectConfigurationPlatforms) = postSolution
		{E90DFA5E-3D29-41E5-B7AA-ADD33F20FBCC}.Debug|Any CPU.ActiveCfg = Debug|Any CPU
		{E90DFA5E-3D29-41E5-B7AA-ADD33F20FBCC}.Debug|Any CPU.Build.0 = Debug|Any CPU
		{E90DFA5E-3D29-41E5-B7AA-ADD33F20FBCC}.Release|Any CPU.ActiveCfg = Release|Any CPU
		{E90DFA5E-3D29-41E5-B7AA-ADD33F20FBCC}.Release|Any CPU.Build.0 = Release|Any CPU
	EndGlobalSection
	GlobalSection(SolutionProperties) = preSolution
		HideSolutionNode = FALSE
	EndGlobalSection
	GlobalSection(ExtensibilityGlobals) = postSolution
		SolutionGuid = {E2B8668F-F39E-485B-955A-545EC601DE22}
	EndGlobalSection
EndGlobal
