
Microsoft Visual Studio Solution File, Format Version 12.00
# Visual Studio Version 16
VisualStudioVersion = 16.0.809.2
MinimumVisualStudioVersion = 10.0.40219.1
Project("{FAE04EC0-301F-11D3-BF4B-00C04F79EFBC}") = "Demo", "Demo\Demo.csproj", "{47EC9B65-EA07-4340-87C1-90988F1313AD}"
EndProject
Global
	GlobalSection(SolutionConfigurationPlatforms) = preSolution
		Debug|Any CPU = Debug|Any CPU
		Release|Any CPU = Release|Any CPU
	EndGlobalSection
	GlobalSection(ProjectConfigurationPlatforms) = postSolution
		{47EC9B65-EA07-4340-87C1-90988F1313AD}.Debug|Any CPU.ActiveCfg = Debug|Any CPU
		{47EC9B65-EA07-4340-87C1-90988F1313AD}.Debug|Any CPU.Build.0 = Debug|Any CPU
		{47EC9B65-EA07-4340-87C1-90988F1313AD}.Release|Any CPU.ActiveCfg = Release|Any CPU
		{47EC9B65-EA07-4340-87C1-90988F1313AD}.Release|Any CPU.Build.0 = Release|Any CPU
	EndGlobalSection
	GlobalSection(SolutionProperties) = preSolution
		HideSolutionNode = FALSE
	EndGlobalSection
	GlobalSection(ExtensibilityGlobals) = postSolution
		SolutionGuid = {C199B7D5-2D82-4100-84E6-DEFB55A88093}
	EndGlobalSection
EndGlobal
